
Microsoft Visual Studio Solution File, Format Version 12.00
# Visual Studio Version 16
VisualStudioVersion = 16.0.30413.136
MinimumVisualStudioVersion = 10.0.40219.1
Project("{FAE04EC0-301F-11D3-BF4B-00C04F79EFBC}") = "WalkerSim", "WalkerSim\WalkerSim.csproj", "{FCF1805A-114C-45DF-8595-31D38A982F63}"
EndProject
Project("{FAE04EC0-301F-11D3-BF4B-00C04F79EFBC}") = "WalkerSimViewer", "WalkerSimViewer\WalkerSimViewer.csproj", "{2A781315-0990-4920-AA73-0B352AFDD6AE}"
EndProject
Project("{D954291E-2A0B-460D-934E-DC6B0785DB48}") = "ViewData", "ViewData\ViewData.shproj", "{7BC71075-D62F-4C9A-9E17-165BF2BC1F57}"
EndProject
Global
	GlobalSection(SharedMSBuildProjectFiles) = preSolution
		ViewData\ViewData.projitems*{2a781315-0990-4920-aa73-0b352afdd6ae}*SharedItemsImports = 4
		ViewData\ViewData.projitems*{7bc71075-d62f-4c9a-9e17-165bf2bc1f57}*SharedItemsImports = 13
		ViewData\ViewData.projitems*{fcf1805a-114c-45df-8595-31d38a982f63}*SharedItemsImports = 4
	EndGlobalSection
	GlobalSection(SolutionConfigurationPlatforms) = preSolution
		Debug|Any CPU = Debug|Any CPU
		Release|Any CPU = Release|Any CPU
	EndGlobalSection
	GlobalSection(ProjectConfigurationPlatforms) = postSolution
		{FCF1805A-114C-45DF-8595-31D38A982F63}.Debug|Any CPU.ActiveCfg = Debug|Any CPU
		{FCF1805A-114C-45DF-8595-31D38A982F63}.Debug|Any CPU.Build.0 = Debug|Any CPU
		{FCF1805A-114C-45DF-8595-31D38A982F63}.Release|Any CPU.ActiveCfg = Release|Any CPU
		{FCF1805A-114C-45DF-8595-31D38A982F63}.Release|Any CPU.Build.0 = Release|Any CPU
		{2A781315-0990-4920-AA73-0B352AFDD6AE}.Debug|Any CPU.ActiveCfg = Debug|Any CPU
		{2A781315-0990-4920-AA73-0B352AFDD6AE}.Debug|Any CPU.Build.0 = Debug|Any CPU
		{2A781315-0990-4920-AA73-0B352AFDD6AE}.Release|Any CPU.ActiveCfg = Release|Any CPU
		{2A781315-0990-4920-AA73-0B352AFDD6AE}.Release|Any CPU.Build.0 = Release|Any CPU
	EndGlobalSection
	GlobalSection(SolutionProperties) = preSolution
		HideSolutionNode = FALSE
	EndGlobalSection
	GlobalSection(ExtensibilityGlobals) = postSolution
		SolutionGuid = {9A9BD43B-4AF6-4463-BE3E-2D65AA490C47}
	EndGlobalSection
EndGlobal
